
Microsoft Visual Studio Solution File, Format Version 12.00
Project("{FAE04EC0-301F-11D3-BF4B-00C04F79EFBC}") = "ManchesterCodePaintApp", "ManchesterCodePaintApp\ManchesterCodePaintApp.csproj", "{77CB0798-29B7-4D8A-808A-29D648689EA4}"
EndProject
Global
	GlobalSection(SolutionConfigurationPlatforms) = preSolution
		Debug|Any CPU = Debug|Any CPU
		Release|Any CPU = Release|Any CPU
	EndGlobalSection
	GlobalSection(ProjectConfigurationPlatforms) = postSolution
		{77CB0798-29B7-4D8A-808A-29D648689EA4}.Debug|Any CPU.ActiveCfg = Debug|Any CPU
		{77CB0798-29B7-4D8A-808A-29D648689EA4}.Debug|Any CPU.Build.0 = Debug|Any CPU
		{77CB0798-29B7-4D8A-808A-29D648689EA4}.Release|Any CPU.ActiveCfg = Release|Any CPU
		{77CB0798-29B7-4D8A-808A-29D648689EA4}.Release|Any CPU.Build.0 = Release|Any CPU
	EndGlobalSection
EndGlobal
